
Microsoft Visual Studio Solution File, Format Version 12.00
# Visual Studio 15
VisualStudioVersion = 15.0.26730.3
MinimumVisualStudioVersion = 10.0.40219.1
Project("{FAE04EC0-301F-11D3-BF4B-00C04F79EFBC}") = "OattsWebsite", "OattsWebsite\OattsWebsite.csproj", "{393CA97A-4127-402B-AF5F-D026CA181549}"
EndProject
Global
	GlobalSection(SolutionConfigurationPlatforms) = preSolution
		Debug|Any CPU = Debug|Any CPU
		Release|Any CPU = Release|Any CPU
	EndGlobalSection
	GlobalSection(ProjectConfigurationPlatforms) = postSolution
		{393CA97A-4127-402B-AF5F-D026CA181549}.Debug|Any CPU.ActiveCfg = Debug|Any CPU
		{393CA97A-4127-402B-AF5F-D026CA181549}.Debug|Any CPU.Build.0 = Debug|Any CPU
		{393CA97A-4127-402B-AF5F-D026CA181549}.Release|Any CPU.ActiveCfg = Release|Any CPU
		{393CA97A-4127-402B-AF5F-D026CA181549}.Release|Any CPU.Build.0 = Release|Any CPU
	EndGlobalSection
	GlobalSection(SolutionProperties) = preSolution
		HideSolutionNode = FALSE
	EndGlobalSection
	GlobalSection(ExtensibilityGlobals) = postSolution
		SolutionGuid = {E6F13687-5835-4895-8797-873086E32DC0}
	EndGlobalSection
EndGlobal
